// !$*UTF8*$!
{
	archiveVersion = 1;
	classes = {
	};
	objectVersion = 50;
	objects = {

/* Begin PBXBuildFile section */
		1B865871264AC28D008DE71D /* AppDelegate.swift in Sources */ = {isa = PBXBuildFile; fileRef = 1B865870264AC28D008DE71D /* AppDelegate.swift */; };
		1B865873264AC28D008DE71D /* SceneDelegate.swift in Sources */ = {isa = PBXBuildFile; fileRef = 1B865872264AC28D008DE71D /* SceneDelegate.swift */; };
		1B865875264AC28D008DE71D /* ViewController.swift in Sources */ = {isa = PBXBuildFile; fileRef = 1B865874264AC28D008DE71D /* ViewController.swift */; };
		1B865878264AC28D008DE71D /* Main.storyboard in Resources */ = {isa = PBXBuildFile; fileRef = 1B865876264AC28D008DE71D /* Main.storyboard */; };
		1B86587A264AC290008DE71D /* Assets.xcassets in Resources */ = {isa = PBXBuildFile; fileRef = 1B865879264AC290008DE71D /* Assets.xcassets */; };
		1B86587D264AC290008DE71D /* LaunchScreen.storyboard in Resources */ = {isa = PBXBuildFile; fileRef = 1B86587B264AC290008DE71D /* LaunchScreen.storyboard */; };
		1B865886264AC2A6008DE71D /* Controller.swift in Sources */ = {isa = PBXBuildFile; fileRef = 1B865885264AC2A6008DE71D /* Controller.swift */; };
		FF373C96264AD36F0029169C /* View.swift in Sources */ = {isa = PBXBuildFile; fileRef = FF373C95264AD36F0029169C /* View.swift */; };
		FF373C98264AD3810029169C /* View.xib in Resources */ = {isa = PBXBuildFile; fileRef = FF373C97264AD3810029169C /* View.xib */; };
		FF373C9A264AD78B0029169C /* Controlla.swift in Sources */ = {isa = PBXBuildFile; fileRef = FF373C99264AD78B0029169C /* Controlla.swift */; };
/* End PBXBuildFile section */

/* Begin PBXFileReference section */
		1B86586D264AC28D008DE71D /* TestController.app */ = {isa = PBXFileReference; explicitFileType = wrapper.application; includeInIndex = 0; path = TestController.app; sourceTree = BUILT_PRODUCTS_DIR; };
		1B865870264AC28D008DE71D /* AppDelegate.swift */ = {isa = PBXFileReference; lastKnownFileType = sourcecode.swift; path = AppDelegate.swift; sourceTree = "<group>"; };
		1B865872264AC28D008DE71D /* SceneDelegate.swift */ = {isa = PBXFileReference; lastKnownFileType = sourcecode.swift; path = SceneDelegate.swift; sourceTree = "<group>"; };
		1B865874264AC28D008DE71D /* ViewController.swift */ = {isa = PBXFileReference; lastKnownFileType = sourcecode.swift; path = ViewController.swift; sourceTree = "<group>"; };
		1B865877264AC28D008DE71D /* Base */ = {isa = PBXFileReference; lastKnownFileType = file.storyboard; name = Base; path = Base.lproj/Main.storyboard; sourceTree = "<group>"; };
		1B865879264AC290008DE71D /* Assets.xcassets */ = {isa = PBXFileReference; lastKnownFileType = folder.assetcatalog; path = Assets.xcassets; sourceTree = "<group>"; };
		1B86587C264AC290008DE71D /* Base */ = {isa = PBXFileReference; lastKnownFileType = file.storyboard; name = Base; path = Base.lproj/LaunchScreen.storyboard; sourceTree = "<group>"; };
		1B86587E264AC290008DE71D /* Info.plist */ = {isa = PBXFileReference; lastKnownFileType = text.plist.xml; path = Info.plist; sourceTree = "<group>"; };
		1B865885264AC2A6008DE71D /* Controller.swift */ = {isa = PBXFileReference; lastKnownFileType = sourcecode.swift; path = Controller.swift; sourceTree = "<group>"; };
		FF373C95264AD36F0029169C /* View.swift */ = {isa = PBXFileReference; lastKnownFileType = sourcecode.swift; path = View.swift; sourceTree = "<group>"; };
		FF373C97264AD3810029169C /* View.xib */ = {isa = PBXFileReference; lastKnownFileType = file.xib; path = View.xib; sourceTree = "<group>"; };
		FF373C99264AD78B0029169C /* Controlla.swift */ = {isa = PBXFileReference; lastKnownFileType = sourcecode.swift; path = Controlla.swift; sourceTree = "<group>"; };
/* End PBXFileReference section */

/* Begin PBXFrameworksBuildPhase section */
		1B86586A264AC28D008DE71D /* Frameworks */ = {
			isa = PBXFrameworksBuildPhase;
			buildActionMask = 2147483647;
			files = (
			);
			runOnlyForDeploymentPostprocessing = 0;
		};
/* End PBXFrameworksBuildPhase section */

/* Begin PBXGroup section */
		1B865864264AC28D008DE71D = {
			isa = PBXGroup;
			children = (
				1B86586F264AC28D008DE71D /* TestController */,
				1B86586E264AC28D008DE71D /* Products */,
			);
			sourceTree = "<group>";
		};
		1B86586E264AC28D008DE71D /* Products */ = {
			isa = PBXGroup;
			children = (
				1B86586D264AC28D008DE71D /* TestController.app */,
			);
			name = Products;
			sourceTree = "<group>";
		};
		1B86586F264AC28D008DE71D /* TestController */ = {
			isa = PBXGroup;
			children = (
				1B865870264AC28D008DE71D /* AppDelegate.swift */,
				1B865872264AC28D008DE71D /* SceneDelegate.swift */,
				1B865874264AC28D008DE71D /* ViewController.swift */,
				1B865885264AC2A6008DE71D /* Controller.swift */,
				1B865876264AC28D008DE71D /* Main.storyboard */,
				1B865879264AC290008DE71D /* Assets.xcassets */,
				1B86587B264AC290008DE71D /* LaunchScreen.storyboard */,
				1B86587E264AC290008DE71D /* Info.plist */,
				FF373C95264AD36F0029169C /* View.swift */,
				FF373C97264AD3810029169C /* View.xib */,
				FF373C99264AD78B0029169C /* Controlla.swift */,
			);
			path = TestController;
			sourceTree = "<group>";
		};
/* End PBXGroup section */

/* Begin PBXNativeTarget section */
		1B86586C264AC28D008DE71D /* TestController */ = {
			isa = PBXNativeTarget;
			buildConfigurationList = 1B865881264AC290008DE71D /* Build configuration list for PBXNativeTarget "TestController" */;
			buildPhases = (
				1B865869264AC28D008DE71D /* Sources */,
				1B86586A264AC28D008DE71D /* Frameworks */,
				1B86586B264AC28D008DE71D /* Resources */,
			);
			buildRules = (
			);
			dependencies = (
			);
			name = TestController;
			productName = TestController;
			productReference = 1B86586D264AC28D008DE71D /* TestController.app */;
			productType = "com.apple.product-type.application";
		};
/* End PBXNativeTarget section */

/* Begin PBXProject section */
		1B865865264AC28D008DE71D /* Project object */ = {
			isa = PBXProject;
			attributes = {
				LastSwiftUpdateCheck = 1240;
				LastUpgradeCheck = 1240;
				TargetAttributes = {
					1B86586C264AC28D008DE71D = {
						CreatedOnToolsVersion = 12.4;
					};
				};
			};
			buildConfigurationList = 1B865868264AC28D008DE71D /* Build configuration list for PBXProject "TestController" */;
			compatibilityVersion = "Xcode 9.3";
			developmentRegion = en;
			hasScannedForEncodings = 0;
			knownRegions = (
				en,
				Base,
			);
			mainGroup = 1B865864264AC28D008DE71D;
			productRefGroup = 1B86586E264AC28D008DE71D /* Products */;
			projectDirPath = "";
			projectRoot = "";
			targets = (
				1B86586C264AC28D008DE71D /* TestController */,
			);
		};
/* End PBXProject section */

/* Begin PBXResourcesBuildPhase section */
		1B86586B264AC28D008DE71D /* Resources */ = {
			isa = PBXResourcesBuildPhase;
			buildActionMask = 2147483647;
			files = (
				FF373C98264AD3810029169C /* View.xib in Resources */,
				1B86587D264AC290008DE71D /* LaunchScreen.storyboard in Resources */,
				1B86587A264AC290008DE71D /* Assets.xcassets in Resources */,
				1B865878264AC28D008DE71D /* Main.storyboard in Resources */,
			);
			runOnlyForDeploymentPostprocessing = 0;
		};
/* End PBXResourcesBuildPhase section */

/* Begin PBXSourcesBuildPhase section */
		1B865869264AC28D008DE71D /* Sources */ = {
			isa = PBXSourcesBuildPhase;
			buildActionMask = 2147483647;
			files = (
				FF373C9A264AD78B0029169C /* Controlla.swift in Sources */,
				1B865875264AC28D008DE71D /* ViewController.swift in Sources */,
				1B865871264AC28D008DE71D /* AppDelegate.swift in Sources */,
				FF373C96264AD36F0029169C /* View.swift in Sources */,
				1B865873264AC28D008DE71D /* SceneDelegate.swift in Sources */,
				1B865886264AC2A6008DE71D /* Controller.swift in Sources */,
			);
			runOnlyForDeploymentPostprocessing = 0;
		};
/* End PBXSourcesBuildPhase section */

/* Begin PBXVariantGroup section */
		1B865876264AC28D008DE71D /* Main.storyboard */ = {
			isa = PBXVariantGroup;
			children = (
				1B865877264AC28D008DE71D /* Base */,
			);
			name = Main.storyboard;
			sourceTree = "<group>";
		};
		1B86587B264AC290008DE71D /* LaunchScreen.storyboard */ = {
			isa = PBXVariantGroup;
			children = (
				1B86587C264AC290008DE71D /* Base */,
			);
			name = LaunchScreen.storyboard;
			sourceTree = "<group>";
		};
/* End PBXVariantGroup section */

/* Begin XCBuildConfiguration section */
		1B86587F264AC290008DE71D /* Debug */ = {
			isa = XCBuildConfiguration;
			buildSettings = {
				ALWAYS_SEARCH_USER_PATHS = NO;
				CLANG_ANALYZER_NONNULL = YES;
				CLANG_ANALYZER_NUMBER_OBJECT_CONVERSION = YES_AGGRESSIVE;
				CLANG_CXX_LANGUAGE_STANDARD = "gnu++14";
				CLANG_CXX_LIBRARY = "libc++";
				CLANG_ENABLE_MODULES = YES;
				CLANG_ENABLE_OBJC_ARC = YES;
				CLANG_ENABLE_OBJC_WEAK = YES;
				CLANG_WARN_BLOCK_CAPTURE_AUTORELEASING = YES;
				CLANG_WARN_BOOL_CONVERSION = YES;
				CLANG_WARN_COMMA = YES;
				CLANG_WARN_CONSTANT_CONVERSION = YES;
				CLANG_WARN_DEPRECATED_OBJC_IMPLEMENTATIONS = YES;
				CLANG_WARN_DIRECT_OBJC_ISA_USAGE = YES_ERROR;
				CLANG_WARN_DOCUMENTATION_COMMENTS = YES;
				CLANG_WARN_EMPTY_BODY = YES;
				CLANG_WARN_ENUM_CONVERSION = YES;
				CLANG_WARN_INFINITE_RECURSION = YES;
				CLANG_WARN_INT_CONVERSION = YES;
				CLANG_WARN_NON_LITERAL_NULL_CONVERSION = YES;
				CLANG_WARN_OBJC_IMPLICIT_RETAIN_SELF = YES;
				CLANG_WARN_OBJC_LITERAL_CONVERSION = YES;
				CLANG_WARN_OBJC_ROOT_CLASS = YES_ERROR;
				CLANG_WARN_QUOTED_INCLUDE_IN_FRAMEWORK_HEADER = YES;
				CLANG_WARN_RANGE_LOOP_ANALYSIS = YES;
				CLANG_WARN_STRICT_PROTOTYPES = YES;
				CLANG_WARN_SUSPICIOUS_MOVE = YES;
				CLANG_WARN_UNGUARDED_AVAILABILITY = YES_AGGRESSIVE;
				CLANG_WARN_UNREACHABLE_CODE = YES;
				CLANG_WARN__DUPLICATE_METHOD_MATCH = YES;
				COPY_PHASE_STRIP = NO;
				DEBUG_INFORMATION_FORMAT = dwarf;
				ENABLE_STRICT_OBJC_MSGSEND = YES;
				ENABLE_TESTABILITY = YES;
				GCC_C_LANGUAGE_STANDARD = gnu11;
				GCC_DYNAMIC_NO_PIC = NO;
				GCC_NO_COMMON_BLOCKS = YES;
				GCC_OPTIMIZATION_LEVEL = 0;
				GCC_PREPROCESSOR_DEFINITIONS = (
					"DEBUG=1",
					"$(inherited)",
				);
				GCC_WARN_64_TO_32_BIT_CONVERSION = YES;
				GCC_WARN_ABOUT_RETURN_TYPE = YES_ERROR;
				GCC_WARN_UNDECLARED_SELECTOR = YES;
				GCC_WARN_UNINITIALIZED_AUTOS = YES_AGGRESSIVE;
				GCC_WARN_UNUSED_FUNCTION = YES;
				GCC_WARN_UNUSED_VARIABLE = YES;
				IPHONEOS_DEPLOYMENT_TARGET = 14.4;
				MTL_ENABLE_DEBUG_INFO = INCLUDE_SOURCE;
				MTL_FAST_MATH = YES;
				ONLY_ACTIVE_ARCH = YES;
				SDKROOT = iphoneos;
				SWIFT_ACTIVE_COMPILATION_CONDITIONS = DEBUG;
				SWIFT_OPTIMIZATION_LEVEL = "-Onone";
			};
			name = Debug;
		};
		1B865880264AC290008DE71D /* Release */ = {
			isa = XCBuildConfiguration;
			buildSettings = {
				ALWAYS_SEARCH_USER_PATHS = NO;
				CLANG_ANALYZER_NONNULL = YES;
				CLANG_ANALYZER_NUMBER_OBJECT_CONVERSION = YES_AGGRESSIVE;
				CLANG_CXX_LANGUAGE_STANDARD = "gnu++14";
				CLANG_CXX_LIBRARY = "libc++";
				CLANG_ENABLE_MODULES = YES;
				CLANG_ENABLE_OBJC_ARC = YES;
				CLANG_ENABLE_OBJC_WEAK = YES;
				CLANG_WARN_BLOCK_CAPTURE_AUTORELEASING = YES;
				CLANG_WARN_BOOL_CONVERSION = YES;
				CLANG_WARN_COMMA = YES;
				CLANG_WARN_CONSTANT_CONVERSION = YES;
				CLANG_WARN_DEPRECATED_OBJC_IMPLEMENTATIONS = YES;
				CLANG_WARN_DIRECT_OBJC_ISA_USAGE = YES_ERROR;
				CLANG_WARN_DOCUMENTATION_COMMENTS = YES;
				CLANG_WARN_EMPTY_BODY = YES;
				CLANG_WARN_ENUM_CONVERSION = YES;
				CLANG_WARN_INFINITE_RECURSION = YES;
				CLANG_WARN_INT_CONVERSION = YES;
				CLANG_WARN_NON_LITERAL_NULL_CONVERSION = YES;
				CLANG_WARN_OBJC_IMPLICIT_RETAIN_SELF = YES;
				CLANG_WARN_OBJC_LITERAL_CONVERSION = YES;
				CLANG_WARN_OBJC_ROOT_CLASS = YES_ERROR;
				CLANG_WARN_QUOTED_INCLUDE_IN_FRAMEWORK_HEADER = YES;
				CLANG_WARN_RANGE_LOOP_ANALYSIS = YES;
				CLANG_WARN_STRICT_PROTOTYPES = YES;
				CLANG_WARN_SUSPICIOUS_MOVE = YES;
				CLANG_WARN_UNGUARDED_AVAILABILITY = YES_AGGRESSIVE;
				CLANG_WARN_UNREACHABLE_CODE = YES;
				CLANG_WARN__DUPLICATE_METHOD_MATCH = YES;
				COPY_PHASE_STRIP = NO;
				DEBUG_INFORMATION_FORMAT = "dwarf-with-dsym";
				ENABLE_NS_ASSERTIONS = NO;
				ENABLE_STRICT_OBJC_MSGSEND = YES;
				GCC_C_LANGUAGE_STANDARD = gnu11;
				GCC_NO_COMMON_BLOCKS = YES;
				GCC_WARN_64_TO_32_BIT_CONVERSION = YES;
				GCC_WARN_ABOUT_RETURN_TYPE = YES_ERROR;
				GCC_WARN_UNDECLARED_SELECTOR = YES;
				GCC_WARN_UNINITIALIZED_AUTOS = YES_AGGRESSIVE;
				GCC_WARN_UNUSED_FUNCTION = YES;
				GCC_WARN_UNUSED_VARIABLE = YES;
				IPHONEOS_DEPLOYMENT_TARGET = 14.4;
				MTL_ENABLE_DEBUG_INFO = NO;
				MTL_FAST_MATH = YES;
				SDKROOT = iphoneos;
				SWIFT_COMPILATION_MODE = wholemodule;
				SWIFT_OPTIMIZATION_LEVEL = "-O";
				VALIDATE_PRODUCT = YES;
			};
			name = Release;
		};
		1B865882264AC290008DE71D /* Debug */ = {
			isa = XCBuildConfiguration;
			buildSettings = {
				ASSETCATALOG_COMPILER_APPICON_NAME = AppIcon;
				ASSETCATALOG_COMPILER_GLOBAL_ACCENT_COLOR_NAME = AccentColor;
				CODE_SIGN_STYLE = Automatic;
				DEVELOPMENT_TEAM = 3SQH3CYY9E;
				INFOPLIST_FILE = TestController/Info.plist;
				LD_RUNPATH_SEARCH_PATHS = (
					"$(inherited)",
					"@executable_path/Frameworks",
				);
				PRODUCT_BUNDLE_IDENTIFIER = ACCOR.TestController;
				PRODUCT_NAME = "$(TARGET_NAME)";
				SWIFT_VERSION = 5.0;
				TARGETED_DEVICE_FAMILY = "1,2";
			};
			name = Debug;
		};
		1B865883264AC290008DE71D /* Release */ = {
			isa = XCBuildConfiguration;
			buildSettings = {
				ASSETCATALOG_COMPILER_APPICON_NAME = AppIcon;
				ASSETCATALOG_COMPILER_GLOBAL_ACCENT_COLOR_NAME = AccentColor;
				CODE_SIGN_STYLE = Automatic;
				DEVELOPMENT_TEAM = 3SQH3CYY9E;
				INFOPLIST_FILE = TestController/Info.plist;
				LD_RUNPATH_SEARCH_PATHS = (
					"$(inherited)",
					"@executable_path/Frameworks",
				);
				PRODUCT_BUNDLE_IDENTIFIER = ACCOR.TestController;
				PRODUCT_NAME = "$(TARGET_NAME)";
				SWIFT_VERSION = 5.0;
				TARGETED_DEVICE_FAMILY = "1,2";
			};
			name = Release;
		};
/* End XCBuildConfiguration section */

/* Begin XCConfigurationList section */
		1B865868264AC28D008DE71D /* Build configuration list for PBXProject "TestController" */ = {
			isa = XCConfigurationList;
			buildConfigurations = (
				1B86587F264AC290008DE71D /* Debug */,
				1B865880264AC290008DE71D /* Release */,
			);
			defaultConfigurationIsVisible = 0;
			defaultConfigurationName = Release;
		};
		1B865881264AC290008DE71D /* Build configuration list for PBXNativeTarget "TestController" */ = {
			isa = XCConfigurationList;
			buildConfigurations = (
				1B865882264AC290008DE71D /* Debug */,
				1B865883264AC290008DE71D /* Release */,
			);
			defaultConfigurationIsVisible = 0;
			defaultConfigurationName = Release;
		};
/* End XCConfigurationList section */
	};
	rootObject = 1B865865264AC28D008DE71D /* Project object */;
}
